{
  "projects": [
    {
      "projectId": "58GpZjZCWTaJ8AUhpCwt2K",
      "version": "3.28.0",
      "dependencies": {},
      "lang": "js",
      "fileLocks": [
        {
          "assetId": "58GpZjZCWTaJ8AUhpCwt2K",
          "type": "projectCss",
          "checksum": "f0469e206244772473ab64f50be898f9"
        }
      ],
      "codegenVersion": "0.0.1"
    },
    {
      "projectId": "7nJ7UcFmq9UzB6eXfC5z4a",
      "version": "0.31.0",
      "dependencies": {},
      "lang": "js",
      "fileLocks": [
        {
          "assetId": "7nJ7UcFmq9UzB6eXfC5z4a",
          "type": "projectCss",
          "checksum": "01e8cee5b9ce00fbc93f494c2a40dbf1"
        }
      ],
      "codegenVersion": "0.0.1"
    },
    {
      "projectId": "uU7CEgvaAv2Njj8eHgdudp",
      "version": "latest",
      "dependencies": {
        "7nJ7UcFmq9UzB6eXfC5z4a": "0.31.0",
        "58GpZjZCWTaJ8AUhpCwt2K": "3.28.0"
      },
      "lang": "js",
      "fileLocks": [
        {
          "type": "globalVariant",
          "assetId": "TtEIqUceCq63",
          "checksum": "96c1b0907ccbc82f9a072f0b1378c462"
        },
        {
          "assetId": "uU7CEgvaAv2Njj8eHgdudp",
          "type": "projectCss",
          "checksum": "761a2b3615484f782f2a1807aa7c3045"
        },
        {
          "type": "renderModule",
          "assetId": "jLVauq-wH-D0",
          "checksum": "cdc3cf1c54d50c53d6335e062c0d1c1d"
        },
        {
          "type": "cssRules",
          "assetId": "jLVauq-wH-D0",
          "checksum": "cdc3cf1c54d50c53d6335e062c0d1c1d"
        },
        {
          "type": "renderModule",
          "assetId": "GFcffl1oj5bT",
          "checksum": "da539db22740ff28557ce24ae98e3dba"
        },
        {
          "type": "cssRules",
          "assetId": "GFcffl1oj5bT",
          "checksum": "da539db22740ff28557ce24ae98e3dba"
        },
        {
          "type": "renderModule",
          "assetId": "IGYpTxFk3khz",
          "checksum": "f2c0aeb6c983e1ef64e9ed83ba0f7a9d"
        },
        {
          "type": "cssRules",
          "assetId": "IGYpTxFk3khz",
          "checksum": "f2c0aeb6c983e1ef64e9ed83ba0f7a9d"
        },
        {
          "type": "renderModule",
          "assetId": "OKpTb2yX4RHP",
          "checksum": "db82d520c811a0109278dbdfbc8e6a71"
        },
        {
          "type": "cssRules",
          "assetId": "OKpTb2yX4RHP",
          "checksum": "db82d520c811a0109278dbdfbc8e6a71"
        },
        {
          "type": "renderModule",
          "assetId": "qkZYx3C4BESi",
          "checksum": "6029ea74b4c5c9d122e05d7b209c3026"
        },
        {
          "type": "cssRules",
          "assetId": "qkZYx3C4BESi",
          "checksum": "6029ea74b4c5c9d122e05d7b209c3026"
        },
        {
          "type": "renderModule",
          "assetId": "qFAYoy2pysKH",
          "checksum": "541e68141a7c313fccfd00b1f8e43e18"
        },
        {
          "type": "cssRules",
          "assetId": "qFAYoy2pysKH",
          "checksum": "541e68141a7c313fccfd00b1f8e43e18"
        },
        {
          "type": "renderModule",
          "assetId": "9F1QHSltpjNS",
          "checksum": "60d2b64a941f97a869f3c8e98f5a59b2"
        },
        {
          "type": "cssRules",
          "assetId": "9F1QHSltpjNS",
          "checksum": "60d2b64a941f97a869f3c8e98f5a59b2"
        },
        {
          "type": "renderModule",
          "assetId": "4N98BF1WROAy",
          "checksum": "023dce24ba9793ae63ee20299dab95d9"
        },
        {
          "type": "cssRules",
          "assetId": "4N98BF1WROAy",
          "checksum": "023dce24ba9793ae63ee20299dab95d9"
        },
        {
          "type": "renderModule",
          "assetId": "9aB9x4mz-oD8",
          "checksum": "037566fd29ee4ab5c6da91360c3ceade"
        },
        {
          "type": "cssRules",
          "assetId": "9aB9x4mz-oD8",
          "checksum": "037566fd29ee4ab5c6da91360c3ceade"
        },
        {
          "type": "renderModule",
          "assetId": "Vpc9Jl8HS-bH",
          "checksum": "b2d2174bfe806709df3ab1227ceed3f1"
        },
        {
          "type": "cssRules",
          "assetId": "Vpc9Jl8HS-bH",
          "checksum": "b2d2174bfe806709df3ab1227ceed3f1"
        },
        {
          "type": "icon",
          "assetId": "xkkj6oPQFpUA",
          "checksum": "285524603cedb8d209a4818d9115f876"
        },
        {
          "type": "icon",
          "assetId": "gN9Ha_Qykqfq",
          "checksum": "a3019040a15b1e4c94a86005da631e7d"
        },
        {
          "type": "icon",
          "assetId": "NRGJoGYYbG0F",
          "checksum": "eadd5213514c15f7cdfa86fd309abfe4"
        },
        {
          "type": "icon",
          "assetId": "bJgJyYHEDuQ7",
          "checksum": "b547a0ce252301dcaf5de6569eb6ab1d"
        },
        {
          "type": "icon",
          "assetId": "5M3wY3KHkSe-",
          "checksum": "c198e8ad87503af2e7ca1d23a23593d3"
        },
        {
          "type": "icon",
          "assetId": "npDEx1E2YsMl",
          "checksum": "97bd117c6424ddd84099a4d342e6f3b5"
        },
        {
          "type": "icon",
          "assetId": "t3lCIbRbVLxS",
          "checksum": "c2299f89f958dd39a3319a99d07769f6"
        },
        {
          "type": "icon",
          "assetId": "6aCi-TzNfKVd",
          "checksum": "885ff4eddf3bcbc6d47565593f80e448"
        },
        {
          "type": "icon",
          "assetId": "fMTL5qiLRlYP",
          "checksum": "3b2ee6514396bfe2cef8e0c748ba22a6"
        },
        {
          "type": "icon",
          "assetId": "4NMZBM9ggA9q",
          "checksum": "ba655288e50952ac8b3433e3c97173f6"
        },
        {
          "type": "image",
          "assetId": "147FFkWUHkBK",
          "checksum": "6a78835fc71a18071cde494b4aa59097"
        },
        {
          "type": "image",
          "assetId": "HslBAgoFDLOy",
          "checksum": "8ad8634ec39d5f6450502654491037c8"
        },
        {
          "type": "image",
          "assetId": "qBDo9nPgrU1K",
          "checksum": "2f159776c7322ef4ffb7ea6aa910d1c5"
        },
        {
          "type": "image",
          "assetId": "WDMhkNlSS0lN",
          "checksum": "781d57adee16922d7a3001b8ee71e4e2"
        },
        {
          "type": "image",
          "assetId": "x2KthxTc2dJa",
          "checksum": "2e27ce329e77e678dbfb47332735e8b7"
        },
        {
          "type": "image",
          "assetId": "gEPrqbeDnNGG",
          "checksum": "8010237cc5e553e17fd7f5eef2902917"
        },
        {
          "type": "image",
          "assetId": "9fmUvv4Sh8u5",
          "checksum": "f0114d05ae9c23873299c9795245bd3d"
        },
        {
          "type": "image",
          "assetId": "-505ZyIxIMvi",
          "checksum": "7a29ebc6bd0c77a585999225cb0c81a1"
        },
        {
          "type": "image",
          "assetId": "r3tG52I8i5Pz",
          "checksum": "af8d02357b3bd893c7976cc8d4d61995"
        },
        {
          "type": "image",
          "assetId": "T1rbmbtVUeBR",
          "checksum": "571a2b2b57ec1e7dd56840e57f6920b6"
        },
        {
          "type": "image",
          "assetId": "-LNiRzKmap9u",
          "checksum": "e8bb950974e74579b1052888b3c2185c"
        },
        {
          "type": "image",
          "assetId": "YyLnQFNAtXIO",
          "checksum": "dc4cfa4d0ed46df90f9426e0058e58f1"
        },
        {
          "type": "image",
          "assetId": "2wMSMZ-iC1yG",
          "checksum": "809c47927558dcff589185083dd993b1"
        },
        {
          "type": "image",
          "assetId": "32ZtN0aAOziA",
          "checksum": "664bf069bded56a3153c0d0c726cdc88"
        },
        {
          "type": "image",
          "assetId": "rrhJtxT9cG26",
          "checksum": "585594ffac61080bdd3c54ce749c5587"
        },
        {
          "type": "image",
          "assetId": "fEn2oX1Ev8iZ",
          "checksum": "578c5a3ccbc9b738adbc468234b8480f"
        },
        {
          "type": "image",
          "assetId": "QeLKYkm2j6Et",
          "checksum": "7c3982a5002279c86e020cac0b5d7faf"
        },
        {
          "type": "image",
          "assetId": "N9sHXFukjuDD",
          "checksum": "723b812879e7bb8df84c849e45cf3c44"
        },
        {
          "type": "image",
          "assetId": "P9dI6-qydVrg",
          "checksum": "354c0cfc603fc3a24271a4d0eb29c7b5"
        },
        {
          "type": "image",
          "assetId": "2PI0hI3ug4f6",
          "checksum": "ac7fccd4619f496b16b99b13d1aa2f6d"
        },
        {
          "type": "image",
          "assetId": "F1hf1L-K88Rd",
          "checksum": "43d97edbe00b50e4d619fcb339c66b98"
        },
        {
          "type": "image",
          "assetId": "B0fA2sWEcLES",
          "checksum": "863e048a2730d5a95f774d97820f8a23"
        },
        {
          "type": "image",
          "assetId": "EUKqoY0dA9eH",
          "checksum": "06f044e9782849edf6f174e35e8a4113"
        },
        {
          "type": "image",
          "assetId": "IuWSyhWibTGB",
          "checksum": "b46ecb206999940c38df23b51af11f13"
        },
        {
          "type": "image",
          "assetId": "chOhP52xqc3j",
          "checksum": "852014a9d9e549748951fdf80d5bfbb3"
        },
        {
          "type": "image",
          "assetId": "Tn6RwTPTlywj",
          "checksum": "56e1e7943e6d5dbc8495262f0357c90f"
        },
        {
          "type": "image",
          "assetId": "jqLSLcq8A-6S",
          "checksum": "8f22ed50bb339ec96afd8b6207eebe01"
        },
        {
          "type": "image",
          "assetId": "ETAM5Zic0bLg",
          "checksum": "18058381d7ec75a9faafa8326de45ba3"
        },
        {
          "type": "image",
          "assetId": "xCECB-4RUzZ3",
          "checksum": "2f213fe9b874408d59b6528d70e95d2b"
        },
        {
          "type": "image",
          "assetId": "b_FlkDAl0QtQ",
          "checksum": "ccf1591f9a9158ccdb0019a3275100d6"
        },
        {
          "type": "image",
          "assetId": "tsDvopiW62MR",
          "checksum": "b23d8de40fbcfcde960f448fce9c46a1"
        },
        {
          "type": "image",
          "assetId": "1LzqbSvILHgh",
          "checksum": "f297e6966e63c0dcf8cfced922ee1fbe"
        },
        {
          "type": "image",
          "assetId": "sfzXfmFDt00S",
          "checksum": "812c2962e9b0f126f778fd5166c2c887"
        },
        {
          "type": "image",
          "assetId": "70727y9DCClJ",
          "checksum": "00433eb21b3a79291bd99941245c7211"
        },
        {
          "type": "image",
          "assetId": "uNb9n_FG7YgP",
          "checksum": "c899030935ea676d594907e992efa8f3"
        },
        {
          "type": "image",
          "assetId": "Zrocl0_iouvC",
          "checksum": "a68bb858f8317763b5ae93f0840056cc"
        },
        {
          "type": "image",
          "assetId": "OvjFshkpg-0A",
          "checksum": "988c174f63389c265da8a3f62df29219"
        },
        {
          "type": "image",
          "assetId": "SEf6tQA6A3Qe",
          "checksum": "d95e856dfc670479c8204e2b2b5a8818"
        },
        {
          "type": "image",
          "assetId": "buOnAKGgxKln",
          "checksum": "bf06301ff85f8b767fb10f8330dc9c39"
        },
        {
          "type": "image",
          "assetId": "A17YYurexm3E",
          "checksum": "6b835be5c75bf8c6b87bb5d9a50044d2"
        },
        {
          "type": "image",
          "assetId": "L2oQh4iJA0wU",
          "checksum": "d79361ce84b7323d1a1e8df9346393a9"
        },
        {
          "type": "image",
          "assetId": "KCXoPCpa7Lro",
          "checksum": "b6ea772d38bb5092d261d0594d1fc348"
        },
        {
          "type": "image",
          "assetId": "zcA0NKZICBSt",
          "checksum": "18ce2ee28a600b5a62fb4c50e3d54e61"
        },
        {
          "type": "image",
          "assetId": "mu-BIWES9sAh",
          "checksum": "718545d6276bd51e06b58b44b0e03910"
        }
      ],
      "codegenVersion": "0.0.1"
    }
  ],
  "cliVersion": "0.1.337"
}
